
Microsoft Visual Studio Solution File, Format Version 12.00
# Visual Studio Version 17
VisualStudioVersion = 17.4.33213.308
MinimumVisualStudioVersion = 10.0.40219.1
Project("{8BC9CEB8-8B4A-11D0-8D11-00A0C91BC942}") = "ConsoleApplication2", "ConsoleApplication2\ConsoleApplication2.vcxproj", "{02805603-0CAA-4CA2-A567-2FBB2756249A}"
EndProject
Project("{8BC9CEB8-8B4A-11D0-8D11-00A0C91BC942}") = "ConsoleApplication1", "ConsoleApplication1\ConsoleApplication1.vcxproj", "{B6CE71A8-6414-48EC-9F5D-79E0983258F5}"
EndProject
Global
	GlobalSection(SolutionConfigurationPlatforms) = preSolution
		Debug|x64 = Debug|x64
		Debug|x86 = Debug|x86
		Release|x64 = Release|x64
		Release|x86 = Release|x86
	EndGlobalSection
	GlobalSection(ProjectConfigurationPlatforms) = postSolution
		{02805603-0CAA-4CA2-A567-2FBB2756249A}.Debug|x64.ActiveCfg = Debug|x64
		{02805603-0CAA-4CA2-A567-2FBB2756249A}.Debug|x64.Build.0 = Debug|x64
		{02805603-0CAA-4CA2-A567-2FBB2756249A}.Debug|x86.ActiveCfg = Debug|Win32
		{02805603-0CAA-4CA2-A567-2FBB2756249A}.Debug|x86.Build.0 = Debug|Win32
		{02805603-0CAA-4CA2-A567-2FBB2756249A}.Release|x64.ActiveCfg = Release|x64
		{02805603-0CAA-4CA2-A567-2FBB2756249A}.Release|x64.Build.0 = Release|x64
		{02805603-0CAA-4CA2-A567-2FBB2756249A}.Release|x86.ActiveCfg = Release|Win32
		{02805603-0CAA-4CA2-A567-2FBB2756249A}.Release|x86.Build.0 = Release|Win32
		{B6CE71A8-6414-48EC-9F5D-79E0983258F5}.Debug|x64.ActiveCfg = Debug|x64
		{B6CE71A8-6414-48EC-9F5D-79E0983258F5}.Debug|x64.Build.0 = Debug|x64
		{B6CE71A8-6414-48EC-9F5D-79E0983258F5}.Debug|x86.ActiveCfg = Debug|Win32
		{B6CE71A8-6414-48EC-9F5D-79E0983258F5}.Debug|x86.Build.0 = Debug|Win32
		{B6CE71A8-6414-48EC-9F5D-79E0983258F5}.Release|x64.ActiveCfg = Release|x64
		{B6CE71A8-6414-48EC-9F5D-79E0983258F5}.Release|x64.Build.0 = Release|x64
		{B6CE71A8-6414-48EC-9F5D-79E0983258F5}.Release|x86.ActiveCfg = Release|Win32
		{B6CE71A8-6414-48EC-9F5D-79E0983258F5}.Release|x86.Build.0 = Release|Win32
	EndGlobalSection
	GlobalSection(SolutionProperties) = preSolution
		HideSolutionNode = FALSE
	EndGlobalSection
	GlobalSection(ExtensibilityGlobals) = postSolution
		SolutionGuid = {058E81F0-9905-439B-A6A6-45E3D5AB885F}
	EndGlobalSection
EndGlobal
